
Microsoft Visual Studio Solution File, Format Version 12.00
# Visual Studio Version 17
VisualStudioVersion = 17.5.002.0
MinimumVisualStudioVersion = 10.0.40219.1
Project("{2150E333-8FDC-42A3-9474-1A3956D46DE8}") = "csharp-prep", "csharp-prep", "{71498E94-0825-4F98-B384-0F9B74A9348A}"
EndProject
Project("{9A19103F-16F7-4668-BE54-9A1E7A4F7556}") = "Prep1", "csharp-prep\Prep1\Prep1.csproj", "{6B5BF142-57BD-4FB3-AA87-4BAAAA4533EC}"
EndProject
Project("{9A19103F-16F7-4668-BE54-9A1E7A4F7556}") = "Prep2", "csharp-prep\Prep2\Prep2.csproj", "{19B2BA38-1761-451C-A962-AC0D12943799}"
EndProject
Project("{9A19103F-16F7-4668-BE54-9A1E7A4F7556}") = "Prep3", "csharp-prep\Prep3\Prep3.csproj", "{77BA2A50-BC92-480F-8135-94E513459029}"
EndProject
Project("{9A19103F-16F7-4668-BE54-9A1E7A4F7556}") = "Prep4", "csharp-prep\Prep4\Prep4.csproj", "{0CDD99CA-B479-4F31-8195-DD45BB64712A}"
EndProject
Project("{9A19103F-16F7-4668-BE54-9A1E7A4F7556}") = "Prep5", "csharp-prep\Prep5\Prep5.csproj", "{4EE99ED2-772F-4027-948C-49B2B16A65E8}"
EndProject
Project("{2150E333-8FDC-42A3-9474-1A3956D46DE8}") = "final", "final", "{97AB70DE-74D8-419F-887B-D5CA959A6573}"
EndProject
Project("{9A19103F-16F7-4668-BE54-9A1E7A4F7556}") = "FinalProject", "final\FinalProject\FinalProject.csproj", "{9D79E341-224C-404E-A8A2-B07CD1B67CBC}"
EndProject
Project("{9A19103F-16F7-4668-BE54-9A1E7A4F7556}") = "Foundation1", "final\Foundation1\Foundation1.csproj", "{E5F8465A-E1EB-40D2-BAFA-1BDA35642B31}"
EndProject
Project("{9A19103F-16F7-4668-BE54-9A1E7A4F7556}") = "Foundation2", "final\Foundation2\Foundation2.csproj", "{D3279299-9D8D-49E4-AE46-8240F1EE5A65}"
EndProject
Project("{9A19103F-16F7-4668-BE54-9A1E7A4F7556}") = "Foundation3", "final\Foundation3\Foundation3.csproj", "{EE8323C7-2EA8-47DB-BE66-733550EF78D3}"
EndProject
Project("{9A19103F-16F7-4668-BE54-9A1E7A4F7556}") = "Foundation4", "final\Foundation4\Foundation4.csproj", "{78A84D9F-BDD3-457D-A3FF-9ECBCF2645BD}"
EndProject
Project("{2150E333-8FDC-42A3-9474-1A3956D46DE8}") = "prepare", "prepare", "{4B6A2E47-0139-4113-AA37-0FD72DA20962}"
EndProject
Project("{9A19103F-16F7-4668-BE54-9A1E7A4F7556}") = "Learning02", "prepare\Learning02\Learning02.csproj", "{26F00126-D507-446C-A756-65C905DAD677}"
EndProject
Project("{9A19103F-16F7-4668-BE54-9A1E7A4F7556}") = "Learning03", "prepare\Learning03\Learning03.csproj", "{25616093-5A7B-42B9-8316-E60286142AEE}"
EndProject
Project("{9A19103F-16F7-4668-BE54-9A1E7A4F7556}") = "Learning04", "prepare\Learning04\Learning04.csproj", "{EF06ED5B-9703-4F50-8AB9-B2C37683A13E}"
EndProject
Project("{9A19103F-16F7-4668-BE54-9A1E7A4F7556}") = "Learning05", "prepare\Learning05\Learning05.csproj", "{A7909E96-492B-48D0-BC82-2D1AE3D8CAB3}"
EndProject
Project("{2150E333-8FDC-42A3-9474-1A3956D46DE8}") = "prove", "prove", "{CF897331-4227-4D01-824A-9A9ED104F12B}"
EndProject
Project("{9A19103F-16F7-4668-BE54-9A1E7A4F7556}") = "Develop02", "prove\Develop02\Develop02.csproj", "{CF546701-BE84-453F-8C3B-4DBD747F3D0C}"
EndProject
Project("{9A19103F-16F7-4668-BE54-9A1E7A4F7556}") = "Develop03", "prove\Develop03\Develop03.csproj", "{89628F29-56F0-401D-93DC-2ADBA2F50320}"
EndProject
Project("{9A19103F-16F7-4668-BE54-9A1E7A4F7556}") = "Develop04", "prove\Develop04\Develop04.csproj", "{F855C5F4-C955-463C-BF5B-2B0ACE2C16ED}"
EndProject
Project("{9A19103F-16F7-4668-BE54-9A1E7A4F7556}") = "Develop05", "prove\Develop05\Develop05.csproj", "{69BB283F-2326-43F9-A70F-F3769AB6DEF1}"
EndProject
Project("{2150E333-8FDC-42A3-9474-1A3956D46DE8}") = "sandbox", "sandbox", "{B9636240-EC21-47ED-B405-A1E583B8C0E3}"
EndProject
Project("{9A19103F-16F7-4668-BE54-9A1E7A4F7556}") = "Sandbox", "sandbox\Sandbox\Sandbox.csproj", "{C13B8342-E0E4-4BAC-9F7D-8E441618C468}"
EndProject
Global
	GlobalSection(SolutionConfigurationPlatforms) = preSolution
		Debug|Any CPU = Debug|Any CPU
		Release|Any CPU = Release|Any CPU
	EndGlobalSection
	GlobalSection(ProjectConfigurationPlatforms) = postSolution
		{6B5BF142-57BD-4FB3-AA87-4BAAAA4533EC}.Debug|Any CPU.ActiveCfg = Debug|Any CPU
		{6B5BF142-57BD-4FB3-AA87-4BAAAA4533EC}.Debug|Any CPU.Build.0 = Debug|Any CPU
		{6B5BF142-57BD-4FB3-AA87-4BAAAA4533EC}.Release|Any CPU.ActiveCfg = Release|Any CPU
		{6B5BF142-57BD-4FB3-AA87-4BAAAA4533EC}.Release|Any CPU.Build.0 = Release|Any CPU
		{19B2BA38-1761-451C-A962-AC0D12943799}.Debug|Any CPU.ActiveCfg = Debug|Any CPU
		{19B2BA38-1761-451C-A962-AC0D12943799}.Debug|Any CPU.Build.0 = Debug|Any CPU
		{19B2BA38-1761-451C-A962-AC0D12943799}.Release|Any CPU.ActiveCfg = Release|Any CPU
		{19B2BA38-1761-451C-A962-AC0D12943799}.Release|Any CPU.Build.0 = Release|Any CPU
		{77BA2A50-BC92-480F-8135-94E513459029}.Debug|Any CPU.ActiveCfg = Debug|Any CPU
		{77BA2A50-BC92-480F-8135-94E513459029}.Debug|Any CPU.Build.0 = Debug|Any CPU
		{77BA2A50-BC92-480F-8135-94E513459029}.Release|Any CPU.ActiveCfg = Release|Any CPU
		{77BA2A50-BC92-480F-8135-94E513459029}.Release|Any CPU.Build.0 = Release|Any CPU
		{0CDD99CA-B479-4F31-8195-DD45BB64712A}.Debug|Any CPU.ActiveCfg = Debug|Any CPU
		{0CDD99CA-B479-4F31-8195-DD45BB64712A}.Debug|Any CPU.Build.0 = Debug|Any CPU
		{0CDD99CA-B479-4F31-8195-DD45BB64712A}.Release|Any CPU.ActiveCfg = Release|Any CPU
		{0CDD99CA-B479-4F31-8195-DD45BB64712A}.Release|Any CPU.Build.0 = Release|Any CPU
		{4EE99ED2-772F-4027-948C-49B2B16A65E8}.Debug|Any CPU.ActiveCfg = Debug|Any CPU
		{4EE99ED2-772F-4027-948C-49B2B16A65E8}.Debug|Any CPU.Build.0 = Debug|Any CPU
		{4EE99ED2-772F-4027-948C-49B2B16A65E8}.Release|Any CPU.ActiveCfg = Release|Any CPU
		{4EE99ED2-772F-4027-948C-49B2B16A65E8}.Release|Any CPU.Build.0 = Release|Any CPU
		{9D79E341-224C-404E-A8A2-B07CD1B67CBC}.Debug|Any CPU.ActiveCfg = Debug|Any CPU
		{9D79E341-224C-404E-A8A2-B07CD1B67CBC}.Debug|Any CPU.Build.0 = Debug|Any CPU
		{9D79E341-224C-404E-A8A2-B07CD1B67CBC}.Release|Any CPU.ActiveCfg = Release|Any CPU
		{9D79E341-224C-404E-A8A2-B07CD1B67CBC}.Release|Any CPU.Build.0 = Release|Any CPU
		{E5F8465A-E1EB-40D2-BAFA-1BDA35642B31}.Debug|Any CPU.ActiveCfg = Debug|Any CPU
		{E5F8465A-E1EB-40D2-BAFA-1BDA35642B31}.Debug|Any CPU.Build.0 = Debug|Any CPU
		{E5F8465A-E1EB-40D2-BAFA-1BDA35642B31}.Release|Any CPU.ActiveCfg = Release|Any CPU
		{E5F8465A-E1EB-40D2-BAFA-1BDA35642B31}.Release|Any CPU.Build.0 = Release|Any CPU
		{D3279299-9D8D-49E4-AE46-8240F1EE5A65}.Debug|Any CPU.ActiveCfg = Debug|Any CPU
		{D3279299-9D8D-49E4-AE46-8240F1EE5A65}.Debug|Any CPU.Build.0 = Debug|Any CPU
		{D3279299-9D8D-49E4-AE46-8240F1EE5A65}.Release|Any CPU.ActiveCfg = Release|Any CPU
		{D3279299-9D8D-49E4-AE46-8240F1EE5A65}.Release|Any CPU.Build.0 = Release|Any CPU
		{EE8323C7-2EA8-47DB-BE66-733550EF78D3}.Debug|Any CPU.ActiveCfg = Debug|Any CPU
		{EE8323C7-2EA8-47DB-BE66-733550EF78D3}.Debug|Any CPU.Build.0 = Debug|Any CPU
		{EE8323C7-2EA8-47DB-BE66-733550EF78D3}.Release|Any CPU.ActiveCfg = Release|Any CPU
		{EE8323C7-2EA8-47DB-BE66-733550EF78D3}.Release|Any CPU.Build.0 = Release|Any CPU
		{78A84D9F-BDD3-457D-A3FF-9ECBCF2645BD}.Debug|Any CPU.ActiveCfg = Debug|Any CPU
		{78A84D9F-BDD3-457D-A3FF-9ECBCF2645BD}.Debug|Any CPU.Build.0 = Debug|Any CPU
		{78A84D9F-BDD3-457D-A3FF-9ECBCF2645BD}.Release|Any CPU.ActiveCfg = Release|Any CPU
		{78A84D9F-BDD3-457D-A3FF-9ECBCF2645BD}.Release|Any CPU.Build.0 = Release|Any CPU
		{26F00126-D507-446C-A756-65C905DAD677}.Debug|Any CPU.ActiveCfg = Debug|Any CPU
		{26F00126-D507-446C-A756-65C905DAD677}.Debug|Any CPU.Build.0 = Debug|Any CPU
		{26F00126-D507-446C-A756-65C905DAD677}.Release|Any CPU.ActiveCfg = Release|Any CPU
		{26F00126-D507-446C-A756-65C905DAD677}.Release|Any CPU.Build.0 = Release|Any CPU
		{25616093-5A7B-42B9-8316-E60286142AEE}.Debug|Any CPU.ActiveCfg = Debug|Any CPU
		{25616093-5A7B-42B9-8316-E60286142AEE}.Debug|Any CPU.Build.0 = Debug|Any CPU
		{25616093-5A7B-42B9-8316-E60286142AEE}.Release|Any CPU.ActiveCfg = Release|Any CPU
		{25616093-5A7B-42B9-8316-E60286142AEE}.Release|Any CPU.Build.0 = Release|Any CPU
		{EF06ED5B-9703-4F50-8AB9-B2C37683A13E}.Debug|Any CPU.ActiveCfg = Debug|Any CPU
		{EF06ED5B-9703-4F50-8AB9-B2C37683A13E}.Debug|Any CPU.Build.0 = Debug|Any CPU
		{EF06ED5B-9703-4F50-8AB9-B2C37683A13E}.Release|Any CPU.ActiveCfg = Release|Any CPU
		{EF06ED5B-9703-4F50-8AB9-B2C37683A13E}.Release|Any CPU.Build.0 = Release|Any CPU
		{A7909E96-492B-48D0-BC82-2D1AE3D8CAB3}.Debug|Any CPU.ActiveCfg = Debug|Any CPU
		{A7909E96-492B-48D0-BC82-2D1AE3D8CAB3}.Debug|Any CPU.Build.0 = Debug|Any CPU
		{A7909E96-492B-48D0-BC82-2D1AE3D8CAB3}.Release|Any CPU.ActiveCfg = Release|Any CPU
		{A7909E96-492B-48D0-BC82-2D1AE3D8CAB3}.Release|Any CPU.Build.0 = Release|Any CPU
		{CF546701-BE84-453F-8C3B-4DBD747F3D0C}.Debug|Any CPU.ActiveCfg = Debug|Any CPU
		{CF546701-BE84-453F-8C3B-4DBD747F3D0C}.Debug|Any CPU.Build.0 = Debug|Any CPU
		{CF546701-BE84-453F-8C3B-4DBD747F3D0C}.Release|Any CPU.ActiveCfg = Release|Any CPU
		{CF546701-BE84-453F-8C3B-4DBD747F3D0C}.Release|Any CPU.Build.0 = Release|Any CPU
		{89628F29-56F0-401D-93DC-2ADBA2F50320}.Debug|Any CPU.ActiveCfg = Debug|Any CPU
		{89628F29-56F0-401D-93DC-2ADBA2F50320}.Debug|Any CPU.Build.0 = Debug|Any CPU
		{89628F29-56F0-401D-93DC-2ADBA2F50320}.Release|Any CPU.ActiveCfg = Release|Any CPU
		{89628F29-56F0-401D-93DC-2ADBA2F50320}.Release|Any CPU.Build.0 = Release|Any CPU
		{F855C5F4-C955-463C-BF5B-2B0ACE2C16ED}.Debug|Any CPU.ActiveCfg = Debug|Any CPU
		{F855C5F4-C955-463C-BF5B-2B0ACE2C16ED}.Debug|Any CPU.Build.0 = Debug|Any CPU
		{F855C5F4-C955-463C-BF5B-2B0ACE2C16ED}.Release|Any CPU.ActiveCfg = Release|Any CPU
		{F855C5F4-C955-463C-BF5B-2B0ACE2C16ED}.Release|Any CPU.Build.0 = Release|Any CPU
		{69BB283F-2326-43F9-A70F-F3769AB6DEF1}.Debug|Any CPU.ActiveCfg = Debug|Any CPU
		{69BB283F-2326-43F9-A70F-F3769AB6DEF1}.Debug|Any CPU.Build.0 = Debug|Any CPU
		{69BB283F-2326-43F9-A70F-F3769AB6DEF1}.Release|Any CPU.ActiveCfg = Release|Any CPU
		{69BB283F-2326-43F9-A70F-F3769AB6DEF1}.Release|Any CPU.Build.0 = Release|Any CPU
		{C13B8342-E0E4-4BAC-9F7D-8E441618C468}.Debug|Any CPU.ActiveCfg = Debug|Any CPU
		{C13B8342-E0E4-4BAC-9F7D-8E441618C468}.Debug|Any CPU.Build.0 = Debug|Any CPU
		{C13B8342-E0E4-4BAC-9F7D-8E441618C468}.Release|Any CPU.ActiveCfg = Release|Any CPU
		{C13B8342-E0E4-4BAC-9F7D-8E441618C468}.Release|Any CPU.Build.0 = Release|Any CPU
	EndGlobalSection
	GlobalSection(SolutionProperties) = preSolution
		HideSolutionNode = FALSE
	EndGlobalSection
	GlobalSection(NestedProjects) = preSolution
		{6B5BF142-57BD-4FB3-AA87-4BAAAA4533EC} = {71498E94-0825-4F98-B384-0F9B74A9348A}
		{19B2BA38-1761-451C-A962-AC0D12943799} = {71498E94-0825-4F98-B384-0F9B74A9348A}
		{77BA2A50-BC92-480F-8135-94E513459029} = {71498E94-0825-4F98-B384-0F9B74A9348A}
		{0CDD99CA-B479-4F31-8195-DD45BB64712A} = {71498E94-0825-4F98-B384-0F9B74A9348A}
		{4EE99ED2-772F-4027-948C-49B2B16A65E8} = {71498E94-0825-4F98-B384-0F9B74A9348A}
		{9D79E341-224C-404E-A8A2-B07CD1B67CBC} = {97AB70DE-74D8-419F-887B-D5CA959A6573}
		{E5F8465A-E1EB-40D2-BAFA-1BDA35642B31} = {97AB70DE-74D8-419F-887B-D5CA959A6573}
		{D3279299-9D8D-49E4-AE46-8240F1EE5A65} = {97AB70DE-74D8-419F-887B-D5CA959A6573}
		{EE8323C7-2EA8-47DB-BE66-733550EF78D3} = {97AB70DE-74D8-419F-887B-D5CA959A6573}
		{78A84D9F-BDD3-457D-A3FF-9ECBCF2645BD} = {97AB70DE-74D8-419F-887B-D5CA959A6573}
		{26F00126-D507-446C-A756-65C905DAD677} = {4B6A2E47-0139-4113-AA37-0FD72DA20962}
		{25616093-5A7B-42B9-8316-E60286142AEE} = {4B6A2E47-0139-4113-AA37-0FD72DA20962}
		{EF06ED5B-9703-4F50-8AB9-B2C37683A13E} = {4B6A2E47-0139-4113-AA37-0FD72DA20962}
		{A7909E96-492B-48D0-BC82-2D1AE3D8CAB3} = {4B6A2E47-0139-4113-AA37-0FD72DA20962}
		{CF546701-BE84-453F-8C3B-4DBD747F3D0C} = {CF897331-4227-4D01-824A-9A9ED104F12B}
		{89628F29-56F0-401D-93DC-2ADBA2F50320} = {CF897331-4227-4D01-824A-9A9ED104F12B}
		{F855C5F4-C955-463C-BF5B-2B0ACE2C16ED} = {CF897331-4227-4D01-824A-9A9ED104F12B}
		{69BB283F-2326-43F9-A70F-F3769AB6DEF1} = {CF897331-4227-4D01-824A-9A9ED104F12B}
		{C13B8342-E0E4-4BAC-9F7D-8E441618C468} = {B9636240-EC21-47ED-B405-A1E583B8C0E3}
	EndGlobalSection
	GlobalSection(ExtensibilityGlobals) = postSolution
		SolutionGuid = {1F1D8B74-80CA-44F1-8C45-916EE13486A9}
	EndGlobalSection
EndGlobal
